// !$*UTF8*$!
{
	archiveVersion = 1;
	classes = {
	};
	objectVersion = 48;
	objects = {

/* Begin PBXBuildFile section */
		A91597C71FC4BB890004548F /* www in Resources */ = {isa = PBXBuildFile; fileRef = A91597C61FC4BB890004548F /* www */; };
		A9616FAA1FC4603A0094F07A /* AppDelegate.swift in Sources */ = {isa = PBXBuildFile; fileRef = A9616FA91FC4603A0094F07A /* AppDelegate.swift */; };
		A9616FAC1FC4603A0094F07A /* AvocadoViewController.swift in Sources */ = {isa = PBXBuildFile; fileRef = A9616FAB1FC4603A0094F07A /* AvocadoViewController.swift */; };
		A9616FAF1FC4603A0094F07A /* Main.storyboard in Resources */ = {isa = PBXBuildFile; fileRef = A9616FAD1FC4603A0094F07A /* Main.storyboard */; };
		A9616FB11FC4603A0094F07A /* Assets.xcassets in Resources */ = {isa = PBXBuildFile; fileRef = A9616FB01FC4603A0094F07A /* Assets.xcassets */; };
		A9616FB41FC4603A0094F07A /* LaunchScreen.storyboard in Resources */ = {isa = PBXBuildFile; fileRef = A9616FB21FC4603A0094F07A /* LaunchScreen.storyboard */; };
/* End PBXBuildFile section */

/* Begin PBXFileReference section */
		A91597C61FC4BB890004548F /* www */ = {isa = PBXFileReference; lastKnownFileType = folder; path = www; sourceTree = SOURCE_ROOT; };
		A9616FA61FC4603A0094F07A /* AvocadoApp.app */ = {isa = PBXFileReference; explicitFileType = wrapper.application; includeInIndex = 0; path = AvocadoApp.app; sourceTree = BUILT_PRODUCTS_DIR; };
		A9616FA91FC4603A0094F07A /* AppDelegate.swift */ = {isa = PBXFileReference; lastKnownFileType = sourcecode.swift; path = AppDelegate.swift; sourceTree = "<group>"; };
		A9616FAB1FC4603A0094F07A /* AvocadoViewController.swift */ = {isa = PBXFileReference; lastKnownFileType = sourcecode.swift; path = AvocadoViewController.swift; sourceTree = "<group>"; };
		A9616FAE1FC4603A0094F07A /* Base */ = {isa = PBXFileReference; lastKnownFileType = file.storyboard; name = Base; path = Base.lproj/Main.storyboard; sourceTree = "<group>"; };
		A9616FB01FC4603A0094F07A /* Assets.xcassets */ = {isa = PBXFileReference; lastKnownFileType = folder.assetcatalog; path = Assets.xcassets; sourceTree = "<group>"; };
		A9616FB31FC4603A0094F07A /* Base */ = {isa = PBXFileReference; lastKnownFileType = file.storyboard; name = Base; path = Base.lproj/LaunchScreen.storyboard; sourceTree = "<group>"; };
		A9616FB51FC4603A0094F07A /* Info.plist */ = {isa = PBXFileReference; lastKnownFileType = text.plist.xml; path = Info.plist; sourceTree = "<group>"; };
/* End PBXFileReference section */

/* Begin PBXFrameworksBuildPhase section */
		A9616FA31FC4603A0094F07A /* Frameworks */ = {
			isa = PBXFrameworksBuildPhase;
			buildActionMask = 2147483647;
			files = (
			);
			runOnlyForDeploymentPostprocessing = 0;
		};
/* End PBXFrameworksBuildPhase section */

/* Begin PBXGroup section */
		A9616F9D1FC4603A0094F07A = {
			isa = PBXGroup;
			children = (
				A9616FA81FC4603A0094F07A /* AvocadoApp */,
				A9616FA71FC4603A0094F07A /* Products */,
			);
			sourceTree = "<group>";
		};
		A9616FA71FC4603A0094F07A /* Products */ = {
			isa = PBXGroup;
			children = (
				A9616FA61FC4603A0094F07A /* AvocadoApp.app */,
			);
			name = Products;
			sourceTree = "<group>";
		};
		A9616FA81FC4603A0094F07A /* AvocadoApp */ = {
			isa = PBXGroup;
			children = (
				A9616FA91FC4603A0094F07A /* AppDelegate.swift */,
				A9616FAB1FC4603A0094F07A /* AvocadoViewController.swift */,
				A9616FAD1FC4603A0094F07A /* Main.storyboard */,
				A91597C61FC4BB890004548F /* www */,
				A9616FB01FC4603A0094F07A /* Assets.xcassets */,
				A9616FB21FC4603A0094F07A /* LaunchScreen.storyboard */,
				A9616FB51FC4603A0094F07A /* Info.plist */,
			);
			path = AvocadoApp;
			sourceTree = "<group>";
		};
/* End PBXGroup section */

/* Begin PBXNativeTarget section */
		A9616FA51FC4603A0094F07A /* AvocadoApp */ = {
			isa = PBXNativeTarget;
			buildConfigurationList = A9616FB81FC4603A0094F07A /* Build configuration list for PBXNativeTarget "AvocadoApp" */;
			buildPhases = (
				A9616FA21FC4603A0094F07A /* Sources */,
				A9616FA31FC4603A0094F07A /* Frameworks */,
				A9616FA41FC4603A0094F07A /* Resources */,
			);
			buildRules = (
			);
			dependencies = (
			);
			name = AvocadoApp;
			productName = AvocadoApp;
			productReference = A9616FA61FC4603A0094F07A /* AvocadoApp.app */;
			productType = "com.apple.product-type.application";
		};
/* End PBXNativeTarget section */

/* Begin PBXProject section */
		A9616F9E1FC4603A0094F07A /* Project object */ = {
			isa = PBXProject;
			attributes = {
				LastSwiftUpdateCheck = 0910;
				LastUpgradeCheck = 0910;
				ORGANIZATIONNAME = Avocado;
				TargetAttributes = {
					A9616FA51FC4603A0094F07A = {
						CreatedOnToolsVersion = 9.1;
						ProvisioningStyle = Automatic;
					};
				};
			};
			buildConfigurationList = A9616FA11FC4603A0094F07A /* Build configuration list for PBXProject "AvocadoApp" */;
			compatibilityVersion = "Xcode 8.0";
			developmentRegion = en;
			hasScannedForEncodings = 0;
			knownRegions = (
				en,
				Base,
			);
			mainGroup = A9616F9D1FC4603A0094F07A;
			productRefGroup = A9616FA71FC4603A0094F07A /* Products */;
			projectDirPath = "";
			projectRoot = "";
			targets = (
				A9616FA51FC4603A0094F07A /* AvocadoApp */,
			);
		};
/* End PBXProject section */

/* Begin PBXResourcesBuildPhase section */
		A9616FA41FC4603A0094F07A /* Resources */ = {
			isa = PBXResourcesBuildPhase;
			buildActionMask = 2147483647;
			files = (
				A91597C71FC4BB890004548F /* www in Resources */,
				A9616FB41FC4603A0094F07A /* LaunchScreen.storyboard in Resources */,
				A9616FB11FC4603A0094F07A /* Assets.xcassets in Resources */,
				A9616FAF1FC4603A0094F07A /* Main.storyboard in Resources */,
			);
			runOnlyForDeploymentPostprocessing = 0;
		};
/* End PBXResourcesBuildPhase section */

/* Begin PBXSourcesBuildPhase section */
		A9616FA21FC4603A0094F07A /* Sources */ = {
			isa = PBXSourcesBuildPhase;
			buildActionMask = 2147483647;
			files = (
				A9616FAC1FC4603A0094F07A /* AvocadoViewController.swift in Sources */,
				A9616FAA1FC4603A0094F07A /* AppDelegate.swift in Sources */,
			);
			runOnlyForDeploymentPostprocessing = 0;
		};
/* End PBXSourcesBuildPhase section */

/* Begin PBXVariantGroup section */
		A9616FAD1FC4603A0094F07A /* Main.storyboard */ = {
			isa = PBXVariantGroup;
			children = (
				A9616FAE1FC4603A0094F07A /* Base */,
			);
			name = Main.storyboard;
			sourceTree = "<group>";
		};
		A9616FB21FC4603A0094F07A /* LaunchScreen.storyboard */ = {
			isa = PBXVariantGroup;
			children = (
				A9616FB31FC4603A0094F07A /* Base */,
			);
			name = LaunchScreen.storyboard;
			sourceTree = "<group>";
		};
/* End PBXVariantGroup section */

/* Begin XCBuildConfiguration section */
		A9616FB61FC4603A0094F07A /* Debug */ = {
			isa = XCBuildConfiguration;
			buildSettings = {
				ALWAYS_SEARCH_USER_PATHS = NO;
				CLANG_ANALYZER_NONNULL = YES;
				CLANG_ANALYZER_NUMBER_OBJECT_CONVERSION = YES_AGGRESSIVE;
				CLANG_CXX_LANGUAGE_STANDARD = "gnu++14";
				CLANG_CXX_LIBRARY = "libc++";
				CLANG_ENABLE_MODULES = YES;
				CLANG_ENABLE_OBJC_ARC = YES;
				CLANG_WARN_BLOCK_CAPTURE_AUTORELEASING = YES;
				CLANG_WARN_BOOL_CONVERSION = YES;
				CLANG_WARN_COMMA = YES;
				CLANG_WARN_CONSTANT_CONVERSION = YES;
				CLANG_WARN_DIRECT_OBJC_ISA_USAGE = YES_ERROR;
				CLANG_WARN_DOCUMENTATION_COMMENTS = YES;
				CLANG_WARN_EMPTY_BODY = YES;
				CLANG_WARN_ENUM_CONVERSION = YES;
				CLANG_WARN_INFINITE_RECURSION = YES;
				CLANG_WARN_INT_CONVERSION = YES;
				CLANG_WARN_NON_LITERAL_NULL_CONVERSION = YES;
				CLANG_WARN_OBJC_LITERAL_CONVERSION = YES;
				CLANG_WARN_OBJC_ROOT_CLASS = YES_ERROR;
				CLANG_WARN_RANGE_LOOP_ANALYSIS = YES;
				CLANG_WARN_STRICT_PROTOTYPES = YES;
				CLANG_WARN_SUSPICIOUS_MOVE = YES;
				CLANG_WARN_UNGUARDED_AVAILABILITY = YES_AGGRESSIVE;
				CLANG_WARN_UNREACHABLE_CODE = YES;
				CLANG_WARN__DUPLICATE_METHOD_MATCH = YES;
				CODE_SIGN_IDENTITY = "iPhone Developer";
				COPY_PHASE_STRIP = NO;
				DEBUG_INFORMATION_FORMAT = dwarf;
				ENABLE_STRICT_OBJC_MSGSEND = YES;
				ENABLE_TESTABILITY = YES;
				GCC_C_LANGUAGE_STANDARD = gnu11;
				GCC_DYNAMIC_NO_PIC = NO;
				GCC_NO_COMMON_BLOCKS = YES;
				GCC_OPTIMIZATION_LEVEL = 0;
				GCC_PREPROCESSOR_DEFINITIONS = (
					"DEBUG=1",
					"$(inherited)",
				);
				GCC_WARN_64_TO_32_BIT_CONVERSION = YES;
				GCC_WARN_ABOUT_RETURN_TYPE = YES_ERROR;
				GCC_WARN_UNDECLARED_SELECTOR = YES;
				GCC_WARN_UNINITIALIZED_AUTOS = YES_AGGRESSIVE;
				GCC_WARN_UNUSED_FUNCTION = YES;
				GCC_WARN_UNUSED_VARIABLE = YES;
				IPHONEOS_DEPLOYMENT_TARGET = 10.0;
				MTL_ENABLE_DEBUG_INFO = YES;
				ONLY_ACTIVE_ARCH = YES;
				SDKROOT = iphoneos;
				SWIFT_ACTIVE_COMPILATION_CONDITIONS = DEBUG;
				SWIFT_OPTIMIZATION_LEVEL = "-Onone";
			};
			name = Debug;
		};
		A9616FB71FC4603A0094F07A /* Release */ = {
			isa = XCBuildConfiguration;
			buildSettings = {
				ALWAYS_SEARCH_USER_PATHS = NO;
				CLANG_ANALYZER_NONNULL = YES;
				CLANG_ANALYZER_NUMBER_OBJECT_CONVERSION = YES_AGGRESSIVE;
				CLANG_CXX_LANGUAGE_STANDARD = "gnu++14";
				CLANG_CXX_LIBRARY = "libc++";
				CLANG_ENABLE_MODULES = YES;
				CLANG_ENABLE_OBJC_ARC = YES;
				CLANG_WARN_BLOCK_CAPTURE_AUTORELEASING = YES;
				CLANG_WARN_BOOL_CONVERSION = YES;
				CLANG_WARN_COMMA = YES;
				CLANG_WARN_CONSTANT_CONVERSION = YES;
				CLANG_WARN_DIRECT_OBJC_ISA_USAGE = YES_ERROR;
				CLANG_WARN_DOCUMENTATION_COMMENTS = YES;
				CLANG_WARN_EMPTY_BODY = YES;
				CLANG_WARN_ENUM_CONVERSION = YES;
				CLANG_WARN_INFINITE_RECURSION = YES;
				CLANG_WARN_INT_CONVERSION = YES;
				CLANG_WARN_NON_LITERAL_NULL_CONVERSION = YES;
				CLANG_WARN_OBJC_LITERAL_CONVERSION = YES;
				CLANG_WARN_OBJC_ROOT_CLASS = YES_ERROR;
				CLANG_WARN_RANGE_LOOP_ANALYSIS = YES;
				CLANG_WARN_STRICT_PROTOTYPES = YES;
				CLANG_WARN_SUSPICIOUS_MOVE = YES;
				CLANG_WARN_UNGUARDED_AVAILABILITY = YES_AGGRESSIVE;
				CLANG_WARN_UNREACHABLE_CODE = YES;
				CLANG_WARN__DUPLICATE_METHOD_MATCH = YES;
				CODE_SIGN_IDENTITY = "iPhone Developer";
				COPY_PHASE_STRIP = NO;
				DEBUG_INFORMATION_FORMAT = "dwarf-with-dsym";
				ENABLE_NS_ASSERTIONS = NO;
				ENABLE_STRICT_OBJC_MSGSEND = YES;
				GCC_C_LANGUAGE_STANDARD = gnu11;
				GCC_NO_COMMON_BLOCKS = YES;
				GCC_WARN_64_TO_32_BIT_CONVERSION = YES;
				GCC_WARN_ABOUT_RETURN_TYPE = YES_ERROR;
				GCC_WARN_UNDECLARED_SELECTOR = YES;
				GCC_WARN_UNINITIALIZED_AUTOS = YES_AGGRESSIVE;
				GCC_WARN_UNUSED_FUNCTION = YES;
				GCC_WARN_UNUSED_VARIABLE = YES;
				IPHONEOS_DEPLOYMENT_TARGET = 10.0;
				MTL_ENABLE_DEBUG_INFO = NO;
				SDKROOT = iphoneos;
				SWIFT_OPTIMIZATION_LEVEL = "-Owholemodule";
				VALIDATE_PRODUCT = YES;
			};
			name = Release;
		};
		A9616FB91FC4603A0094F07A /* Debug */ = {
			isa = XCBuildConfiguration;
			buildSettings = {
				ASSETCATALOG_COMPILER_APPICON_NAME = AppIcon;
				CODE_SIGN_STYLE = Automatic;
				INFOPLIST_FILE = AvocadoApp/Info.plist;
				LD_RUNPATH_SEARCH_PATHS = "$(inherited) @executable_path/Frameworks";
				PRODUCT_BUNDLE_IDENTIFIER = io.avocado.AvocadoApp;
				PRODUCT_NAME = "$(TARGET_NAME)";
				SWIFT_VERSION = 4.0;
				TARGETED_DEVICE_FAMILY = "1,2";
			};
			name = Debug;
		};
		A9616FBA1FC4603A0094F07A /* Release */ = {
			isa = XCBuildConfiguration;
			buildSettings = {
				ASSETCATALOG_COMPILER_APPICON_NAME = AppIcon;
				CODE_SIGN_STYLE = Automatic;
				INFOPLIST_FILE = AvocadoApp/Info.plist;
				LD_RUNPATH_SEARCH_PATHS = "$(inherited) @executable_path/Frameworks";
				PRODUCT_BUNDLE_IDENTIFIER = io.avocado.AvocadoApp;
				PRODUCT_NAME = "$(TARGET_NAME)";
				SWIFT_VERSION = 4.0;
				TARGETED_DEVICE_FAMILY = "1,2";
			};
			name = Release;
		};
/* End XCBuildConfiguration section */

/* Begin XCConfigurationList section */
		A9616FA11FC4603A0094F07A /* Build configuration list for PBXProject "AvocadoApp" */ = {
			isa = XCConfigurationList;
			buildConfigurations = (
				A9616FB61FC4603A0094F07A /* Debug */,
				A9616FB71FC4603A0094F07A /* Release */,
			);
			defaultConfigurationIsVisible = 0;
			defaultConfigurationName = Release;
		};
		A9616FB81FC4603A0094F07A /* Build configuration list for PBXNativeTarget "AvocadoApp" */ = {
			isa = XCConfigurationList;
			buildConfigurations = (
				A9616FB91FC4603A0094F07A /* Debug */,
				A9616FBA1FC4603A0094F07A /* Release */,
			);
			defaultConfigurationIsVisible = 0;
			defaultConfigurationName = Release;
		};
/* End XCConfigurationList section */
	};
	rootObject = A9616F9E1FC4603A0094F07A /* Project object */;
}
