// !$*UTF8*$!
{
	archiveVersion = 1;
	classes = {
	};
	objectVersion = 48;
	objects = {

/* Begin PBXBuildFile section */
		0F83E885285A332E006C43CB /* AppUUID.swift in Sources */ = {isa = PBXBuildFile; fileRef = 0F83E884285A332D006C43CB /* AppUUID.swift */; };
		0F8F33B327DA980A003F49D6 /* PluginConfig.swift in Sources */ = {isa = PBXBuildFile; fileRef = 0F8F33B127DA980A003F49D6 /* PluginConfig.swift */; };
		2F81F5C926FB7CB400DD35BE /* CAPBridgeViewController+CDVScreenOrientationDelegate.h in Headers */ = {isa = PBXBuildFile; fileRef = 2F81F5C726FB7CB400DD35BE /* CAPBridgeViewController+CDVScreenOrientationDelegate.h */; };
		2F81F5CA26FB7CB400DD35BE /* CAPBridgeViewController+CDVScreenOrientationDelegate.m in Sources */ = {isa = PBXBuildFile; fileRef = 2F81F5C826FB7CB400DD35BE /* CAPBridgeViewController+CDVScreenOrientationDelegate.m */; };
		373A69C1255C9360000A6F44 /* NotificationHandlerProtocol.swift in Sources */ = {isa = PBXBuildFile; fileRef = 373A69C0255C9360000A6F44 /* NotificationHandlerProtocol.swift */; };
		373A69F2255C95D0000A6F44 /* NotificationRouter.swift in Sources */ = {isa = PBXBuildFile; fileRef = 373A69F1255C95D0000A6F44 /* NotificationRouter.swift */; };
		501CBAA71FC0A723009B0D4D /* WebKit.framework in Frameworks */ = {isa = PBXBuildFile; fileRef = 501CBAA61FC0A723009B0D4D /* WebKit.framework */; };
		50503EE91FC08595003606DC /* Capacitor.framework in Frameworks */ = {isa = PBXBuildFile; fileRef = 50503EDF1FC08594003606DC /* Capacitor.framework */; };
		50503EEE1FC08595003606DC /* CapacitorTests.swift in Sources */ = {isa = PBXBuildFile; fileRef = 50503EED1FC08595003606DC /* CapacitorTests.swift */; };
		6214934725509C3F006C36F9 /* CAPInstanceConfiguration.swift in Sources */ = {isa = PBXBuildFile; fileRef = 6214934625509C3F006C36F9 /* CAPInstanceConfiguration.swift */; };
		621ECCB72542045900D3D615 /* CAPBridgedJSTypes.m in Sources */ = {isa = PBXBuildFile; fileRef = 621ECCB42542045900D3D615 /* CAPBridgedJSTypes.m */; };
		621ECCB82542045900D3D615 /* CAPBridgedJSTypes.h in Headers */ = {isa = PBXBuildFile; fileRef = 621ECCB62542045900D3D615 /* CAPBridgedJSTypes.h */; settings = {ATTRIBUTES = (Private, ); }; };
		621ECCBC2542046400D3D615 /* JSTypes.swift in Sources */ = {isa = PBXBuildFile; fileRef = 621ECCBB2542046400D3D615 /* JSTypes.swift */; };
		621ECCC3254204B700D3D615 /* BridgedTypesTests.swift in Sources */ = {isa = PBXBuildFile; fileRef = 621ECCC2254204B700D3D615 /* BridgedTypesTests.swift */; };
		621ECCC8254204BE00D3D615 /* JSONSerializationWrapper.m in Sources */ = {isa = PBXBuildFile; fileRef = 621ECCC6254204BE00D3D615 /* JSONSerializationWrapper.m */; };
		621ECCD6254205BD00D3D615 /* CAPBridgeProtocol.swift in Sources */ = {isa = PBXBuildFile; fileRef = 621ECCD4254205BD00D3D615 /* CAPBridgeProtocol.swift */; };
		621ECCDA254205C400D3D615 /* CapacitorBridge.swift in Sources */ = {isa = PBXBuildFile; fileRef = 621ECCD9254205C400D3D615 /* CapacitorBridge.swift */; };
		621ECCE3254206A600D3D615 /* CAPApplicationDelegateProxy.swift in Sources */ = {isa = PBXBuildFile; fileRef = 621ECCE2254206A600D3D615 /* CAPApplicationDelegateProxy.swift */; };
		623D68FA254C5037002D01D1 /* KeyPath.swift in Sources */ = {isa = PBXBuildFile; fileRef = 623D68F9254C5037002D01D1 /* KeyPath.swift */; };
		623D6909254C6FDF002D01D1 /* CAPInstanceDescriptor.h in Headers */ = {isa = PBXBuildFile; fileRef = 623D6907254C6FDF002D01D1 /* CAPInstanceDescriptor.h */; settings = {ATTRIBUTES = (Public, ); }; };
		623D690A254C6FDF002D01D1 /* CAPInstanceDescriptor.m in Sources */ = {isa = PBXBuildFile; fileRef = 623D6908254C6FDF002D01D1 /* CAPInstanceDescriptor.m */; };
		623D6914254C7030002D01D1 /* CAPInstanceDescriptor.swift in Sources */ = {isa = PBXBuildFile; fileRef = 623D6913254C7030002D01D1 /* CAPInstanceDescriptor.swift */; };
		623D691D254C7462002D01D1 /* CAPInstanceConfiguration.h in Headers */ = {isa = PBXBuildFile; fileRef = 623D691B254C7462002D01D1 /* CAPInstanceConfiguration.h */; settings = {ATTRIBUTES = (Public, ); }; };
		623D691E254C7462002D01D1 /* CAPInstanceConfiguration.m in Sources */ = {isa = PBXBuildFile; fileRef = 623D691C254C7462002D01D1 /* CAPInstanceConfiguration.m */; };
		625AF1ED258963C700869675 /* WebViewAssetHandler.swift in Sources */ = {isa = PBXBuildFile; fileRef = 625AF1EC258963C700869675 /* WebViewAssetHandler.swift */; };
		B10B5700E000000000000002 /* CAPBlobStore.swift in Sources */ = {isa = PBXBuildFile; fileRef = B10B5700E000000000000001 /* CAPBlobStore.swift */; };
		B10B5700E000000000000004 /* CAPBlobURLSchemeHandler.swift in Sources */ = {isa = PBXBuildFile; fileRef = B10B5700E000000000000003 /* CAPBlobURLSchemeHandler.swift */; };
		B10B5700E000000000000006 /* BlobStoreTests.swift in Sources */ = {isa = PBXBuildFile; fileRef = B10B5700E000000000000005 /* BlobStoreTests.swift */; };
		6263686025F6EC0100576C1C /* PluginCallAccessorTests.m in Sources */ = {isa = PBXBuildFile; fileRef = 6263685F25F6EC0100576C1C /* PluginCallAccessorTests.m */; };
		626D2D992613B61E0046CE81 /* hidinglogs.json in CopyFiles */ = {isa = PBXBuildFile; fileRef = 626D2D902613B4BB0046CE81 /* hidinglogs.json */; };
		62959B162524DA7800A3D7F1 /* CAPPluginCall.h in Headers */ = {isa = PBXBuildFile; fileRef = 62959AE22524DA7700A3D7F1 /* CAPPluginCall.h */; settings = {ATTRIBUTES = (Public, ); }; };
		62959B172524DA7800A3D7F1 /* JSExport.swift in Sources */ = {isa = PBXBuildFile; fileRef = 62959AE32524DA7700A3D7F1 /* JSExport.swift */; };
		62959B192524DA7800A3D7F1 /* CAPBridgedPlugin.h in Headers */ = {isa = PBXBuildFile; fileRef = 62959AE52524DA7700A3D7F1 /* CAPBridgedPlugin.h */; settings = {ATTRIBUTES = (Public, ); }; };
		62959B1A2524DA7800A3D7F1 /* CAPPluginCall.swift in Sources */ = {isa = PBXBuildFile; fileRef = 62959AE62524DA7700A3D7F1 /* CAPPluginCall.swift */; };
		62959B1B2524DA7800A3D7F1 /* CAPFile.swift in Sources */ = {isa = PBXBuildFile; fileRef = 62959AE72524DA7700A3D7F1 /* CAPFile.swift */; };
		62959B1C2524DA7800A3D7F1 /* CAPPluginMethod.m in Sources */ = {isa = PBXBuildFile; fileRef = 62959AE82524DA7700A3D7F1 /* CAPPluginMethod.m */; };
		62959B1D2524DA7800A3D7F1 /* UIColor.swift in Sources */ = {isa = PBXBuildFile; fileRef = 62959AE92524DA7700A3D7F1 /* UIColor.swift */; };
		62959B222524DA7800A3D7F1 /* Console.swift in Sources */ = {isa = PBXBuildFile; fileRef = 62959AEF2524DA7700A3D7F1 /* Console.swift */; };
		62959B262524DA7800A3D7F1 /* WebView.swift in Sources */ = {isa = PBXBuildFile; fileRef = 62959AF32524DA7700A3D7F1 /* WebView.swift */; };
		62959B302524DA7800A3D7F1 /* UIStatusBarManager+CAPHandleTapAction.m in Sources */ = {isa = PBXBuildFile; fileRef = 62959AFE2524DA7700A3D7F1 /* UIStatusBarManager+CAPHandleTapAction.m */; };
		62959B312524DA7800A3D7F1 /* JS.swift in Sources */ = {isa = PBXBuildFile; fileRef = 62959AFF2524DA7700A3D7F1 /* JS.swift */; };
		62959B332524DA7800A3D7F1 /* CAPPlugin.m in Sources */ = {isa = PBXBuildFile; fileRef = 62959B012524DA7700A3D7F1 /* CAPPlugin.m */; };
		62959B362524DA7800A3D7F1 /* CAPBridgeViewController.swift in Sources */ = {isa = PBXBuildFile; fileRef = 62959B042524DA7700A3D7F1 /* CAPBridgeViewController.swift */; };
		62959B382524DA7800A3D7F1 /* CAPPluginCall.m in Sources */ = {isa = PBXBuildFile; fileRef = 62959B062524DA7700A3D7F1 /* CAPPluginCall.m */; };
		62959B392524DA7800A3D7F1 /* CapacitorExtension.swift in Sources */ = {isa = PBXBuildFile; fileRef = 62959B072524DA7700A3D7F1 /* CapacitorExtension.swift */; };
		62959B3A2524DA7800A3D7F1 /* CAPLog.swift in Sources */ = {isa = PBXBuildFile; fileRef = 62959B082524DA7700A3D7F1 /* CAPLog.swift */; };
		62959B3B2524DA7800A3D7F1 /* CAPPluginMethod.h in Headers */ = {isa = PBXBuildFile; fileRef = 62959B092524DA7700A3D7F1 /* CAPPluginMethod.h */; settings = {ATTRIBUTES = (Public, ); }; };
		62959B3C2524DA7800A3D7F1 /* CAPBridgeDelegate.swift in Sources */ = {isa = PBXBuildFile; fileRef = 62959B0A2524DA7700A3D7F1 /* CAPBridgeDelegate.swift */; };
		62959B412524DA7800A3D7F1 /* Capacitor.h in Headers */ = {isa = PBXBuildFile; fileRef = 62959B0F2524DA7700A3D7F1 /* Capacitor.h */; settings = {ATTRIBUTES = (Public, ); }; };
		62959B422524DA7800A3D7F1 /* DocLinks.swift in Sources */ = {isa = PBXBuildFile; fileRef = 62959B102524DA7700A3D7F1 /* DocLinks.swift */; };
		62959B432524DA7800A3D7F1 /* Data+Capacitor.swift in Sources */ = {isa = PBXBuildFile; fileRef = 62959B112524DA7700A3D7F1 /* Data+Capacitor.swift */; };
		62959B452524DA7800A3D7F1 /* CAPPlugin.h in Headers */ = {isa = PBXBuildFile; fileRef = 62959B132524DA7700A3D7F1 /* CAPPlugin.h */; settings = {ATTRIBUTES = (Public, ); }; };
		62959B462524DA7800A3D7F1 /* CAPBridge.swift in Sources */ = {isa = PBXBuildFile; fileRef = 62959B142524DA7700A3D7F1 /* CAPBridge.swift */; };
		62959B472524DA7800A3D7F1 /* CAPNotifications.swift in Sources */ = {isa = PBXBuildFile; fileRef = 62959B152524DA7700A3D7F1 /* CAPNotifications.swift */; };
		62959BA52526475A00A3D7F1 /* Cordova.framework in Frameworks */ = {isa = PBXBuildFile; fileRef = 62959BA02526474300A3D7F1 /* Cordova.framework */; };
		6296A77E253A2E49005A202A /* AppDelegate.swift in Sources */ = {isa = PBXBuildFile; fileRef = 6296A77D253A2E49005A202A /* AppDelegate.swift */; };
		6296A782253A2E49005A202A /* ViewController.swift in Sources */ = {isa = PBXBuildFile; fileRef = 6296A781253A2E49005A202A /* ViewController.swift */; };
		6296A7A0253A2E49005A202A /* SceneDelegate.swift in Sources */ = {isa = PBXBuildFile; fileRef = 6296A7A1253A2E49005A202A /* SceneDelegate.swift */; };
		6296A785253A2E49005A202A /* Main.storyboard in Resources */ = {isa = PBXBuildFile; fileRef = 6296A783253A2E49005A202A /* Main.storyboard */; };
		6296A787253A2E49005A202A /* Assets.xcassets in Resources */ = {isa = PBXBuildFile; fileRef = 6296A786253A2E49005A202A /* Assets.xcassets */; };
		6296A78A253A2E49005A202A /* LaunchScreen.storyboard in Resources */ = {isa = PBXBuildFile; fileRef = 6296A788253A2E49005A202A /* LaunchScreen.storyboard */; };
		62A91C3425535F5700861508 /* ConfigurationTests.swift in Sources */ = {isa = PBXBuildFile; fileRef = 62A91C3325535F5700861508 /* ConfigurationTests.swift */; };
		62A91C3F2553710E00861508 /* nonjson.json in CopyFiles */ = {isa = PBXBuildFile; fileRef = 62A91C392553710300861508 /* nonjson.json */; };
		62ADC0CA25CB678000E914DE /* PluginCallResult.swift in Sources */ = {isa = PBXBuildFile; fileRef = 62ADC0C925CB678000E914DE /* PluginCallResult.swift */; };
		62D43AF02581817500673C24 /* WKWebView+Capacitor.swift in Sources */ = {isa = PBXBuildFile; fileRef = 62D43AEF2581817500673C24 /* WKWebView+Capacitor.swift */; };
		62D43B652582A13D00673C24 /* WKWebView+Capacitor.m in Sources */ = {isa = PBXBuildFile; fileRef = 62D43B642582A13D00673C24 /* WKWebView+Capacitor.m */; };
		62E0736125535E8700BAAADB /* server.json in CopyFiles */ = {isa = PBXBuildFile; fileRef = 62E0735225535E6500BAAADB /* server.json */; };
		62E0736225535E8700BAAADB /* bad.json in CopyFiles */ = {isa = PBXBuildFile; fileRef = 62E0735325535E6500BAAADB /* bad.json */; };
		62E0736325535E8700BAAADB /* flat.json in CopyFiles */ = {isa = PBXBuildFile; fileRef = 62E0735425535E6500BAAADB /* flat.json */; };
		62E0736425535E8700BAAADB /* hierarchy.json in CopyFiles */ = {isa = PBXBuildFile; fileRef = 62E0735525535E6500BAAADB /* hierarchy.json */; };
		62E207AE2588234500A78983 /* WebViewDelegationHandler.swift in Sources */ = {isa = PBXBuildFile; fileRef = 62E207AD2588234500A78983 /* WebViewDelegationHandler.swift */; };
		62E79C722638B23300414164 /* JSExportTests.swift in Sources */ = {isa = PBXBuildFile; fileRef = 62E79C712638B23300414164 /* JSExportTests.swift */; };
		62E79CD7263A178B00414164 /* native-bridge.js in Resources */ = {isa = PBXBuildFile; fileRef = 62E79C572638AF7500414164 /* native-bridge.js */; };
		62FABD1A25AE5C01007B3814 /* Array+Capacitor.swift in Sources */ = {isa = PBXBuildFile; fileRef = 62FABD1925AE5C01007B3814 /* Array+Capacitor.swift */; };
		62FABD2325AE60BA007B3814 /* BridgedTypesTests.m in Sources */ = {isa = PBXBuildFile; fileRef = 62FABD2225AE60BA007B3814 /* BridgedTypesTests.m */; };
		62FABD2B25AE6182007B3814 /* BridgedTypesHelper.swift in Sources */ = {isa = PBXBuildFile; fileRef = 62FABD2A25AE6182007B3814 /* BridgedTypesHelper.swift */; };
		952707712FD9DD2D0079E5D3 /* CAPSceneDelegateProxy.swift in Sources */ = {isa = PBXBuildFile; fileRef = 9527076F2FD9DD260079E5D3 /* CAPSceneDelegateProxy.swift */; };
		957BD9402E78A4A50056874C /* SystemBars.swift in Sources */ = {isa = PBXBuildFile; fileRef = 957BD93E2E78A4A20056874C /* SystemBars.swift */; };
		A327E6B628DB8B2900CA8B0A /* HttpRequestHandler.swift in Sources */ = {isa = PBXBuildFile; fileRef = A327E6B228DB8B2800CA8B0A /* HttpRequestHandler.swift */; };
		A327E6B728DB8B2900CA8B0A /* CapacitorHttp.swift in Sources */ = {isa = PBXBuildFile; fileRef = A327E6B428DB8B2900CA8B0A /* CapacitorHttp.swift */; };
		A327E6B828DB8B2900CA8B0A /* CapacitorUrlRequest.swift in Sources */ = {isa = PBXBuildFile; fileRef = A327E6B528DB8B2900CA8B0A /* CapacitorUrlRequest.swift */; };
		A38C3D7728484E76004B3680 /* CapacitorCookies.swift in Sources */ = {isa = PBXBuildFile; fileRef = A38C3D7628484E76004B3680 /* CapacitorCookies.swift */; };
		A38C3D7B2848BE6F004B3680 /* CapacitorCookieManager.swift in Sources */ = {isa = PBXBuildFile; fileRef = A38C3D7A2848BE6F004B3680 /* CapacitorCookieManager.swift */; };
		A71289E627F380A500DADDF3 /* Router.swift in Sources */ = {isa = PBXBuildFile; fileRef = A71289E527F380A500DADDF3 /* Router.swift */; };
		A71289EB27F380FD00DADDF3 /* RouterTests.swift in Sources */ = {isa = PBXBuildFile; fileRef = A71289EA27F380FD00DADDF3 /* RouterTests.swift */; };
		A7187FD22BD1CB7D00093C45 /* CAPPluginMethod.swift in Sources */ = {isa = PBXBuildFile; fileRef = A7187FD12BD1CB7D00093C45 /* CAPPluginMethod.swift */; };
		A76739792B98E09700795F7B /* PrivacyInfo.xcprivacy in Resources */ = {isa = PBXBuildFile; fileRef = A76739782B98E09700795F7B /* PrivacyInfo.xcprivacy */; };
		A771ADEE2C8B845000AF234D /* DateCodableTests.swift in Sources */ = {isa = PBXBuildFile; fileRef = A771ADED2C8B845000AF234D /* DateCodableTests.swift */; };
		A771ADF12C8B909100AF234D /* URLCodableTests.swift in Sources */ = {isa = PBXBuildFile; fileRef = A771ADF02C8B909100AF234D /* URLCodableTests.swift */; };
		A7BE62CC2B486A5400165ACB /* KeyValueStore.swift in Sources */ = {isa = PBXBuildFile; fileRef = A7BE62CB2B486A5400165ACB /* KeyValueStore.swift */; };
		A7D474D52C8BA8E8005620A8 /* DataCodableTests.swift in Sources */ = {isa = PBXBuildFile; fileRef = A7D474D42C8BA8E8005620A8 /* DataCodableTests.swift */; };
		A7D474D82C8BA8FD005620A8 /* NonconformingFloatCodableTests.swift in Sources */ = {isa = PBXBuildFile; fileRef = A7D474D72C8BA8FD005620A8 /* NonconformingFloatCodableTests.swift */; };
		A7D8B3522B238A840003FAD6 /* JSValueEncoder.swift in Sources */ = {isa = PBXBuildFile; fileRef = A7D8B3512B238A840003FAD6 /* JSValueEncoder.swift */; };
		A7D8B3632B263B8D0003FAD6 /* NestedCodableTests.swift in Sources */ = {isa = PBXBuildFile; fileRef = A7D8B3622B263B8D0003FAD6 /* NestedCodableTests.swift */; };
		A7D8B3642B263B8D0003FAD6 /* Capacitor.framework in Frameworks */ = {isa = PBXBuildFile; fileRef = 50503EDF1FC08594003606DC /* Capacitor.framework */; };
		A7D8B36A2B263B990003FAD6 /* CodableTests.swift in Sources */ = {isa = PBXBuildFile; fileRef = A7D8B3562B23B2110003FAD6 /* CodableTests.swift */; };
		A7D8B36E2B2692300003FAD6 /* SuperCodableTests.swift in Sources */ = {isa = PBXBuildFile; fileRef = A7D8B36D2B2692300003FAD6 /* SuperCodableTests.swift */; };
		A7D9312F2B23710300FF59A2 /* JSValueDecoder.swift in Sources */ = {isa = PBXBuildFile; fileRef = A7D9312E2B23710300FF59A2 /* JSValueDecoder.swift */; };
		A7DB03AC29B001E300888AE9 /* CAPBridgedPlugin+getMethod.swift in Sources */ = {isa = PBXBuildFile; fileRef = A7DB03AB29B001E300888AE9 /* CAPBridgedPlugin+getMethod.swift */; };
		A7F7EDCD291EC75C0015B73B /* CAPPlugin+LoadInstance.swift in Sources */ = {isa = PBXBuildFile; fileRef = A7F7EDCC291EC75C0015B73B /* CAPPlugin+LoadInstance.swift */; };
		A7F7EDD5292BE8520015B73B /* CAPInstancePlugin.swift in Sources */ = {isa = PBXBuildFile; fileRef = A7F7EDD4292BE8520015B73B /* CAPInstancePlugin.swift */; };
/* End PBXBuildFile section */

/* Begin PBXContainerItemProxy section */
		50503EEA1FC08595003606DC /* PBXContainerItemProxy */ = {
			isa = PBXContainerItemProxy;
			containerPortal = 50503ED61FC08594003606DC /* Project object */;
			proxyType = 1;
			remoteGlobalIDString = 50503EDE1FC08594003606DC;
			remoteInfo = Avocado;
		};
		62959B9F2526474300A3D7F1 /* PBXContainerItemProxy */ = {
			isa = PBXContainerItemProxy;
			containerPortal = 62959B9B2526474300A3D7F1 /* CapacitorCordova.xcodeproj */;
			proxyType = 2;
			remoteGlobalIDString = 2F5C86DC1FE94845004B09C7;
			remoteInfo = Cordova;
		};
		6296A796253A2EAE005A202A /* PBXContainerItemProxy */ = {
			isa = PBXContainerItemProxy;
			containerPortal = 50503ED61FC08594003606DC /* Project object */;
			proxyType = 1;
			remoteGlobalIDString = 6296A77A253A2E49005A202A;
			remoteInfo = TestsHostApp;
		};
		A7D8B3652B263B8D0003FAD6 /* PBXContainerItemProxy */ = {
			isa = PBXContainerItemProxy;
			containerPortal = 50503ED61FC08594003606DC /* Project object */;
			proxyType = 1;
			remoteGlobalIDString = 50503EDE1FC08594003606DC;
			remoteInfo = Capacitor;
		};
/* End PBXContainerItemProxy section */

/* Begin PBXCopyFilesBuildPhase section */
		622BB9C32541FE1900A5DBCA /* CopyFiles */ = {
			isa = PBXCopyFilesBuildPhase;
			buildActionMask = 2147483647;
			dstPath = configurations;
			dstSubfolderSpec = 1;
			files = (
				626D2D992613B61E0046CE81 /* hidinglogs.json in CopyFiles */,
				62A91C3F2553710E00861508 /* nonjson.json in CopyFiles */,
				62E0736125535E8700BAAADB /* server.json in CopyFiles */,
				62E0736225535E8700BAAADB /* bad.json in CopyFiles */,
				62E0736325535E8700BAAADB /* flat.json in CopyFiles */,
				62E0736425535E8700BAAADB /* hierarchy.json in CopyFiles */,
			);
			runOnlyForDeploymentPostprocessing = 0;
		};
/* End PBXCopyFilesBuildPhase section */

/* Begin PBXFileReference section */
		0F83E884285A332D006C43CB /* AppUUID.swift */ = {isa = PBXFileReference; lastKnownFileType = sourcecode.swift; path = AppUUID.swift; sourceTree = "<group>"; };
		0F8F33B127DA980A003F49D6 /* PluginConfig.swift */ = {isa = PBXFileReference; fileEncoding = 4; lastKnownFileType = sourcecode.swift; path = PluginConfig.swift; sourceTree = "<group>"; };
		2F81F5C726FB7CB400DD35BE /* CAPBridgeViewController+CDVScreenOrientationDelegate.h */ = {isa = PBXFileReference; lastKnownFileType = sourcecode.c.h; path = "CAPBridgeViewController+CDVScreenOrientationDelegate.h"; sourceTree = "<group>"; };
		2F81F5C826FB7CB400DD35BE /* CAPBridgeViewController+CDVScreenOrientationDelegate.m */ = {isa = PBXFileReference; lastKnownFileType = sourcecode.c.objc; path = "CAPBridgeViewController+CDVScreenOrientationDelegate.m"; sourceTree = "<group>"; };
		373A69C0255C9360000A6F44 /* NotificationHandlerProtocol.swift */ = {isa = PBXFileReference; lastKnownFileType = sourcecode.swift; path = NotificationHandlerProtocol.swift; sourceTree = "<group>"; };
		373A69F1255C95D0000A6F44 /* NotificationRouter.swift */ = {isa = PBXFileReference; lastKnownFileType = sourcecode.swift; path = NotificationRouter.swift; sourceTree = "<group>"; };
		501CBAA61FC0A723009B0D4D /* WebKit.framework */ = {isa = PBXFileReference; lastKnownFileType = wrapper.framework; name = WebKit.framework; path = System/Library/Frameworks/WebKit.framework; sourceTree = SDKROOT; };
		50503EDF1FC08594003606DC /* Capacitor.framework */ = {isa = PBXFileReference; explicitFileType = wrapper.framework; includeInIndex = 0; path = Capacitor.framework; sourceTree = BUILT_PRODUCTS_DIR; };
		50503EE81FC08595003606DC /* CapacitorTests.xctest */ = {isa = PBXFileReference; explicitFileType = wrapper.cfbundle; includeInIndex = 0; path = CapacitorTests.xctest; sourceTree = BUILT_PRODUCTS_DIR; };
		50503EED1FC08595003606DC /* CapacitorTests.swift */ = {isa = PBXFileReference; lastKnownFileType = sourcecode.swift; path = CapacitorTests.swift; sourceTree = "<group>"; };
		6214934625509C3F006C36F9 /* CAPInstanceConfiguration.swift */ = {isa = PBXFileReference; lastKnownFileType = sourcecode.swift; path = CAPInstanceConfiguration.swift; sourceTree = "<group>"; };
		621ECCB42542045900D3D615 /* CAPBridgedJSTypes.m */ = {isa = PBXFileReference; fileEncoding = 4; lastKnownFileType = sourcecode.c.objc; path = CAPBridgedJSTypes.m; sourceTree = "<group>"; };
		621ECCB62542045900D3D615 /* CAPBridgedJSTypes.h */ = {isa = PBXFileReference; fileEncoding = 4; lastKnownFileType = sourcecode.c.h; path = CAPBridgedJSTypes.h; sourceTree = "<group>"; };
		621ECCBB2542046400D3D615 /* JSTypes.swift */ = {isa = PBXFileReference; fileEncoding = 4; lastKnownFileType = sourcecode.swift; path = JSTypes.swift; sourceTree = "<group>"; };
		621ECCC2254204B700D3D615 /* BridgedTypesTests.swift */ = {isa = PBXFileReference; fileEncoding = 4; lastKnownFileType = sourcecode.swift; path = BridgedTypesTests.swift; sourceTree = "<group>"; };
		621ECCC6254204BE00D3D615 /* JSONSerializationWrapper.m */ = {isa = PBXFileReference; fileEncoding = 4; lastKnownFileType = sourcecode.c.objc; path = JSONSerializationWrapper.m; sourceTree = "<group>"; };
		621ECCC7254204BE00D3D615 /* JSONSerializationWrapper.h */ = {isa = PBXFileReference; fileEncoding = 4; lastKnownFileType = sourcecode.c.h; path = JSONSerializationWrapper.h; sourceTree = "<group>"; };
		621ECCCD254204C400D3D615 /* CapacitorTests-Bridging-Header.h */ = {isa = PBXFileReference; lastKnownFileType = sourcecode.c.h; path = "CapacitorTests-Bridging-Header.h"; sourceTree = "<group>"; };
		621ECCD4254205BD00D3D615 /* CAPBridgeProtocol.swift */ = {isa = PBXFileReference; fileEncoding = 4; lastKnownFileType = sourcecode.swift; path = CAPBridgeProtocol.swift; sourceTree = "<group>"; };
		621ECCD9254205C400D3D615 /* CapacitorBridge.swift */ = {isa = PBXFileReference; fileEncoding = 4; lastKnownFileType = sourcecode.swift; path = CapacitorBridge.swift; sourceTree = "<group>"; };
		621ECCE2254206A600D3D615 /* CAPApplicationDelegateProxy.swift */ = {isa = PBXFileReference; fileEncoding = 4; lastKnownFileType = sourcecode.swift; path = CAPApplicationDelegateProxy.swift; sourceTree = "<group>"; };
		623D68F9254C5037002D01D1 /* KeyPath.swift */ = {isa = PBXFileReference; lastKnownFileType = sourcecode.swift; path = KeyPath.swift; sourceTree = "<group>"; };
		623D6907254C6FDF002D01D1 /* CAPInstanceDescriptor.h */ = {isa = PBXFileReference; lastKnownFileType = sourcecode.c.h; path = CAPInstanceDescriptor.h; sourceTree = "<group>"; };
		623D6908254C6FDF002D01D1 /* CAPInstanceDescriptor.m */ = {isa = PBXFileReference; lastKnownFileType = sourcecode.c.objc; path = CAPInstanceDescriptor.m; sourceTree = "<group>"; };
		623D6913254C7030002D01D1 /* CAPInstanceDescriptor.swift */ = {isa = PBXFileReference; lastKnownFileType = sourcecode.swift; path = CAPInstanceDescriptor.swift; sourceTree = "<group>"; };
		623D691B254C7462002D01D1 /* CAPInstanceConfiguration.h */ = {isa = PBXFileReference; lastKnownFileType = sourcecode.c.h; path = CAPInstanceConfiguration.h; sourceTree = "<group>"; };
		623D691C254C7462002D01D1 /* CAPInstanceConfiguration.m */ = {isa = PBXFileReference; lastKnownFileType = sourcecode.c.objc; path = CAPInstanceConfiguration.m; sourceTree = "<group>"; };
		625AF1EC258963C700869675 /* WebViewAssetHandler.swift */ = {isa = PBXFileReference; fileEncoding = 4; lastKnownFileType = sourcecode.swift; path = WebViewAssetHandler.swift; sourceTree = "<group>"; };
		B10B5700E000000000000001 /* CAPBlobStore.swift */ = {isa = PBXFileReference; fileEncoding = 4; lastKnownFileType = sourcecode.swift; path = CAPBlobStore.swift; sourceTree = "<group>"; };
		B10B5700E000000000000003 /* CAPBlobURLSchemeHandler.swift */ = {isa = PBXFileReference; fileEncoding = 4; lastKnownFileType = sourcecode.swift; path = CAPBlobURLSchemeHandler.swift; sourceTree = "<group>"; };
		B10B5700E000000000000005 /* BlobStoreTests.swift */ = {isa = PBXFileReference; fileEncoding = 4; lastKnownFileType = sourcecode.swift; path = BlobStoreTests.swift; sourceTree = "<group>"; };
