{
  "name": "demo",
  "requires": true,
  "lockfileVersion": 1,
  "dependencies": {
    "@types/inquirer": {
      "version": "0.0.35",
      "resolved": "https://registry.npmjs.org/@types/inquirer/-/inquirer-0.0.35.tgz",
      "integrity": "sha512-/6WyyGROIw6qCmS8KmQtyt9Tj1OX7xIrGloAwMMOaNb3W/+QrrlL4Be4TDvLO4dlvw8gFrHfeXiWxS/k82jgEQ==",
      "dev": true,
      "requires": {
        "@types/rx": "4.1.1",
        "@types/through": "0.0.29"
      }
    },
    "@types/node": {
      "version": "8.0.53",
      "resolved": "https://registry.npmjs.org/@types/node/-/node-8.0.53.tgz",
      "integrity": "sha512-54Dm6NwYeiSQmRB1BLXKr5GELi0wFapR1npi8bnZhEcu84d/yQKqnwwXQ56hZ0RUbTG6L5nqDZaN3dgByQXQRQ==",
      "dev": true
    },
    "@types/rx": {
      "version": "4.1.1",
      "resolved": "https://registry.npmjs.org/@types/rx/-/rx-4.1.1.tgz",
      "integrity": "sha1-WY/JSla67ZdfGUV04PVy/Y5iekg=",
      "dev": true,
      "requires": {
        "@types/rx-core": "4.0.3",
        "@types/rx-core-binding": "4.0.4",
        "@types/rx-lite": "4.0.5",
        "@types/rx-lite-aggregates": "4.0.3",
        "@types/rx-lite-async": "4.0.2",
        "@types/rx-lite-backpressure": "4.0.3",
        "@types/rx-lite-coincidence": "4.0.3",
        "@types/rx-lite-experimental": "4.0.1",
        "@types/rx-lite-joinpatterns": "4.0.1",
        "@types/rx-lite-testing": "4.0.1",
        "@types/rx-lite-time": "4.0.3",
        "@types/rx-lite-virtualtime": "4.0.3"
      }
    },
    "@types/rx-core": {
      "version": "4.0.3",
      "resolved": "https://registry.npmjs.org/@types/rx-core/-/rx-core-4.0.3.tgz",
      "integrity": "sha1-CzNUsSOM7b4rdPYybxOdvHpZHWA=",
      "dev": true
    },
    "@types/rx-core-binding": {
      "version": "4.0.4",
      "resolved": "https://registry.npmjs.org/@types/rx-core-binding/-/rx-core-binding-4.0.4.tgz",
      "integrity": "sha512-5pkfxnC4w810LqBPUwP5bg7SFR/USwhMSaAeZQQbEHeBp57pjKXRlXmqpMrLJB4y1oglR/c2502853uN0I+DAQ==",
      "dev": true,
      "requires": {
        "@types/rx-core": "4.0.3"
      }
    },
    "@types/rx-lite": {
      "version": "4.0.5",
      "resolved": "https://registry.npmjs.org/@types/rx-lite/-/rx-lite-4.0.5.tgz",
      "integrity": "sha512-KZk5XTR1dm/kNgBx8iVpjno6fRYtAUQWBOmj+O8j724+nk097sz4fOoHJNpCkOJUtHUurZlJC7QvSFCZHbkC+w==",
      "dev": true,
      "requires": {
        "@types/rx-core": "4.0.3",
        "@types/rx-core-binding": "4.0.4"
      }
    },
    "@types/rx-lite-aggregates": {
      "version": "4.0.3",
      "resolved": "https://registry.npmjs.org/@types/rx-lite-aggregates/-/rx-lite-aggregates-4.0.3.tgz",
      "integrity": "sha512-MAGDAHy8cRatm94FDduhJF+iNS5//jrZ/PIfm+QYw9OCeDgbymFHChM8YVIvN2zArwsRftKgE33QfRWvQk4DPg==",
      "dev": true,
      "requires": {
        "@types/rx-lite": "4.0.5"
      }
    },
    "@types/rx-lite-async": {
      "version": "4.0.2",
      "resolved": "https://registry.npmjs.org/@types/rx-lite-async/-/rx-lite-async-4.0.2.tgz",
      "integrity": "sha512-vTEv5o8l6702ZwfAM5aOeVDfUwBSDOs+ARoGmWAKQ6LOInQ8J4/zjM7ov12fuTpktUKdMQjkeCp07Vd73mPkxw==",
      "dev": true,
      "requires": {
        "@types/rx-lite": "4.0.5"
      }
    },
    "@types/rx-lite-backpressure": {
      "version": "4.0.3",
      "resolved": "https://registry.npmjs.org/@types/rx-lite-backpressure/-/rx-lite-backpressure-4.0.3.tgz",
      "integrity": "sha512-Y6aIeQCtNban5XSAF4B8dffhIKu6aAy/TXFlScHzSxh6ivfQBQw6UjxyEJxIOt3IT49YkS+siuayM2H/Q0cmgA==",
      "dev": true,
      "requires": {
        "@types/rx-lite": "4.0.5"
      }
    },
    "@types/rx-lite-coincidence": {
      "version": "4.0.3",
      "resolved": "https://registry.npmjs.org/@types/rx-lite-coincidence/-/rx-lite-coincidence-4.0.3.tgz",
      "integrity": "sha512-1VNJqzE9gALUyMGypDXZZXzR0Tt7LC9DdAZQ3Ou/Q0MubNU35agVUNXKGHKpNTba+fr8GdIdkC26bRDqtCQBeQ==",
      "dev": true,
      "requires": {
        "@types/rx-lite": "4.0.5"
      }
    },
    "@types/rx-lite-experimental": {
      "version": "4.0.1",
      "resolved": "https://registry.npmjs.org/@types/rx-lite-experimental/-/rx-lite-experimental-4.0.1.tgz",
      "integrity": "sha1-xTL1y98/LBXaFt7Ykw0bKYQCPL0=",
      "dev": true,
      "requires": {
        "@types/rx-lite": "4.0.5"
      }
    },
    "@types/rx-lite-joinpatterns": {
      "version": "4.0.1",
      "resolved": "https://registry.npmjs.org/@types/rx-lite-joinpatterns/-/rx-lite-joinpatterns-4.0.1.tgz",
      "integrity": "sha1-9w/jcFGKhDLykVjMkv+1a05K/D4=",
      "dev": true,
      "requires": {
        "@types/rx-lite": "4.0.5"
      }
    },
    "@types/rx-lite-testing": {
      "version": "4.0.1",
      "resolved": "https://registry.npmjs.org/@types/rx-lite-testing/-/rx-lite-testing-4.0.1.tgz",
      "integrity": "sha1-IbGdEfTf1v/vWp0WSOnIh5v+Iek=",
      "dev": true,
      "requires": {
        "@types/rx-lite-virtualtime": "4.0.3"
      }
    },
    "@types/rx-lite-time": {
      "version": "4.0.3",
      "resolved": "https://registry.npmjs.org/@types/rx-lite-time/-/rx-lite-time-4.0.3.tgz",
      "integrity": "sha512-ukO5sPKDRwCGWRZRqPlaAU0SKVxmWwSjiOrLhoQDoWxZWg6vyB9XLEZViKOzIO6LnTIQBlk4UylYV0rnhJLxQw==",
      "dev": true,
      "requires": {
        "@types/rx-lite": "4.0.5"
      }
    },
    "@types/rx-lite-virtualtime": {
      "version": "4.0.3",
      "resolved": "https://registry.npmjs.org/@types/rx-lite-virtualtime/-/rx-lite-virtualtime-4.0.3.tgz",
      "integrity": "sha512-3uC6sGmjpOKatZSVHI2xB1+dedgml669ZRvqxy+WqmGJDVusOdyxcKfyzjW0P3/GrCiN4nmRkLVMhPwHCc5QLg==",
      "dev": true,
      "requires": {
        "@types/rx-lite": "4.0.5"
      }
    },
    "@types/through": {
      "version": "0.0.29",
      "resolved": "https://registry.npmjs.org/@types/through/-/through-0.0.29.tgz",
      "integrity": "sha512-9a7C5VHh+1BKblaYiq+7Tfc+EOmjMdZaD1MYtkQjSoxgB69tBjW98ry6SKsi4zEIWztLOMRuL87A3bdT/Fc/4w==",
      "dev": true,
      "requires": {
        "@types/node": "8.0.53"
      }
    },
    "balanced-match": {
      "version": "1.0.0",
      "resolved": "https://registry.npmjs.org/balanced-match/-/balanced-match-1.0.0.tgz",
      "integrity": "sha1-ibTRmasr7kneFk6gK4nORi1xt2c="
    },
    "brace-expansion": {
      "version": "1.1.8",
      "resolved": "https://registry.npmjs.org/brace-expansion/-/brace-expansion-1.1.8.tgz",
      "integrity": "sha1-wHshHHyVLsH479Uad+8NHTmQopI=",
      "requires": {
        "balanced-match": "1.0.0",
        "concat-map": "0.0.1"
      }
    },
    "concat-map": {
      "version": "0.0.1",
      "resolved": "https://registry.npmjs.org/concat-map/-/concat-map-0.0.1.tgz",
      "integrity": "sha1-2Klr13/Wjfd5OnMDajug1UBdR3s="
    },
    "fs.realpath": {
      "version": "1.0.0",
      "resolved": "https://registry.npmjs.org/fs.realpath/-/fs.realpath-1.0.0.tgz",
      "integrity": "sha1-FQStJSMVjKpA20onh8sBQRmU6k8="
    },
    "glob": {
      "version": "7.1.2",
      "resolved": "https://registry.npmjs.org/glob/-/glob-7.1.2.tgz",
      "integrity": "sha512-MJTUg1kjuLeQCJ+ccE4Vpa6kKVXkPYJ2mOCQyUuKLcLQsdrMCpBPUi8qVE6+YuaJkozeA9NusTAw3hLr8Xe5EQ==",
      "requires": {
        "fs.realpath": "1.0.0",
        "inflight": "1.0.6",
        "inherits": "2.0.3",
        "minimatch": "3.0.4",
        "once": "1.4.0",
        "path-is-absolute": "1.0.1"
      }
    },
    "inflight": {
      "version": "1.0.6",
      "resolved": "https://registry.npmjs.org/inflight/-/inflight-1.0.6.tgz",
      "integrity": "sha1-Sb1jMdfQLQwJvJEKEHW6gWW1bfk=",
      "requires": {
        "once": "1.4.0",
        "wrappy": "1.0.2"
      }
    },
    "inherits": {
      "version": "2.0.3",
      "resolved": "https://registry.npmjs.org/inherits/-/inherits-2.0.3.tgz",
      "integrity": "sha1-Yzwsg+PaQqUC9SRmAiSA9CCCYd4="
    },
    "interpret": {
      "version": "1.0.4",
      "resolved": "https://registry.npmjs.org/interpret/-/interpret-1.0.4.tgz",
      "integrity": "sha1-ggzdWIuGj/sZGoCVBtbJyPISsbA="
    },
    "minimatch": {
      "version": "3.0.4",
      "resolved": "https://registry.npmjs.org/minimatch/-/minimatch-3.0.4.tgz",
      "integrity": "sha512-yJHVQEhyqPLUTgt9B83PXu6W3rx4MvvHvSUvToogpwoGDOUQ+yDrR0HRot+yOCdCO7u4hX3pWft6kWBBcqh0UA==",
      "requires": {
        "brace-expansion": "1.1.8"
      }
    },
    "once": {
      "version": "1.4.0",
      "resolved": "https://registry.npmjs.org/once/-/once-1.4.0.tgz",
      "integrity": "sha1-WDsap3WWHUsROsF9nFC6753Xa9E=",
      "requires": {
        "wrappy": "1.0.2"
      }
    },
    "path-is-absolute": {
      "version": "1.0.1",
      "resolved": "https://registry.npmjs.org/path-is-absolute/-/path-is-absolute-1.0.1.tgz",
      "integrity": "sha1-F0uSaHNVNP+8es5r9TpanhtcX18="
    },
    "path-parse": {
      "version": "1.0.5",
      "resolved": "https://registry.npmjs.org/path-parse/-/path-parse-1.0.5.tgz",
      "integrity": "sha1-PBrfhx6pzWyUMbbqK9dKD/BVxME="
    },
    "rechoir": {
      "version": "0.6.2",
      "resolved": "https://registry.npmjs.org/rechoir/-/rechoir-0.6.2.tgz",
      "integrity": "sha1-hSBLVNuoLVdC4oyWdW70OvUOM4Q=",
      "requires": {
        "resolve": "1.5.0"
      }
    },
    "resolve": {
      "version": "1.5.0",
      "resolved": "https://registry.npmjs.org/resolve/-/resolve-1.5.0.tgz",
      "integrity": "sha512-hgoSGrc3pjzAPHNBg+KnFcK2HwlHTs/YrAGUr6qgTVUZmXv1UEXXl0bZNBKMA9fud6lRYFdPGz0xXxycPzmmiw==",
      "requires": {
        "path-parse": "1.0.5"
      }
    },
    "shelljs": {
      "version": "0.7.8",
      "resolved": "https://registry.npmjs.org/shelljs/-/shelljs-0.7.8.tgz",
      "integrity": "sha1-3svPh0sNHl+3LhSxZKloMEjprLM=",
      "requires": {
        "glob": "7.1.2",
        "interpret": "1.0.4",
        "rechoir": "0.6.2"
      }
    },
    "wrappy": {
      "version": "1.0.2",
      "resolved": "https://registry.npmjs.org/wrappy/-/wrappy-1.0.2.tgz",
      "integrity": "sha1-tSQ9jz7BqjXxNkYFvA0QNuMKtp8="
    }
  }
}
