{
  "name": "avocado-js",
  "version": "1.0.0",
  "lockfileVersion": 1,
  "requires": true,
  "dependencies": {
    "@types/jest": {
      "version": "https://registry.npmjs.org/@types/jest/-/jest-19.2.2.tgz",
      "integrity": "sha1-cfQovi+m658Vuwq8PK3meQX5SDk=",
      "dev": true
    },
    "@types/node": {
      "version": "https://registry.npmjs.org/@types/node/-/node-7.0.10.tgz",
      "integrity": "sha1-2GCrsYwbWLVSx8bNiyunrfZUb6M=",
      "dev": true
    },
    "balanced-match": {
      "version": "https://registry.npmjs.org/balanced-match/-/balanced-match-0.4.2.tgz",
      "integrity": "sha1-yz8+PHMtwPAe5wtAPzAuYddwmDg=",
      "dev": true
    },
    "brace-expansion": {
      "version": "https://registry.npmjs.org/brace-expansion/-/brace-expansion-1.1.6.tgz",
      "integrity": "sha1-cZfX6qm4fmSDkOph/GbIRCdCDfk=",
      "dev": true,
      "requires": {
        "balanced-match": "https://registry.npmjs.org/balanced-match/-/balanced-match-0.4.2.tgz",
        "concat-map": "https://registry.npmjs.org/concat-map/-/concat-map-0.0.1.tgz"
      }
    },
    "colors": {
      "version": "https://registry.npmjs.org/colors/-/colors-1.1.2.tgz",
      "integrity": "sha1-FopHAXVran9RoSzgyXv6KMCE7WM=",
      "dev": true
    },
    "concat-map": {
      "version": "https://registry.npmjs.org/concat-map/-/concat-map-0.0.1.tgz",
      "integrity": "sha1-2Klr13/Wjfd5OnMDajug1UBdR3s=",
      "dev": true
    },
    "diff": {
      "version": "https://registry.npmjs.org/diff/-/diff-2.2.3.tgz",
      "integrity": "sha1-YOr9DSjukG5Oj/ClLBIpUhAzv5k=",
      "dev": true
    },
    "doctrine": {
      "version": "https://registry.npmjs.org/doctrine/-/doctrine-0.7.2.tgz",
      "integrity": "sha1-fLhgNZujvpDgQLJrcpzkv6ZUxSM=",
      "dev": true,
      "requires": {
        "esutils": "https://registry.npmjs.org/esutils/-/esutils-1.1.6.tgz",
        "isarray": "https://registry.npmjs.org/isarray/-/isarray-0.0.1.tgz"
      }
    },
    "esutils": {
      "version": "https://registry.npmjs.org/esutils/-/esutils-1.1.6.tgz",
      "integrity": "sha1-wBzKqa5LiXxtDD4hCuUvPHqEQ3U=",
      "dev": true
    },
    "findup-sync": {
      "version": "https://registry.npmjs.org/findup-sync/-/findup-sync-0.3.0.tgz",
      "integrity": "sha1-N5MKpdgWt3fANEXhlmzGeQpMCxY=",
      "dev": true,
      "requires": {
        "glob": "https://registry.npmjs.org/glob/-/glob-5.0.15.tgz"
      },
      "dependencies": {
        "glob": {
          "version": "https://registry.npmjs.org/glob/-/glob-5.0.15.tgz",
          "integrity": "sha1-G8k2ueAvSmA/zCIuz3Yz0wuLk7E=",
          "dev": true,
          "requires": {
            "inflight": "https://registry.npmjs.org/inflight/-/inflight-1.0.6.tgz",
            "inherits": "https://registry.npmjs.org/inherits/-/inherits-2.0.3.tgz",
            "minimatch": "https://registry.npmjs.org/minimatch/-/minimatch-3.0.3.tgz",
            "once": "https://registry.npmjs.org/once/-/once-1.4.0.tgz",
            "path-is-absolute": "https://registry.npmjs.org/path-is-absolute/-/path-is-absolute-1.0.1.tgz"
          }
        }
      }
    },
    "fs.realpath": {
      "version": "https://registry.npmjs.org/fs.realpath/-/fs.realpath-1.0.0.tgz",
      "integrity": "sha1-FQStJSMVjKpA20onh8sBQRmU6k8=",
      "dev": true
    },
    "glob": {
      "version": "https://registry.npmjs.org/glob/-/glob-7.1.1.tgz",
      "integrity": "sha1-gFIR3wT6rxxjo2ADBs31reULLsg=",
      "dev": true,
      "requires": {
        "fs.realpath": "https://registry.npmjs.org/fs.realpath/-/fs.realpath-1.0.0.tgz",
        "inflight": "https://registry.npmjs.org/inflight/-/inflight-1.0.6.tgz",
        "inherits": "https://registry.npmjs.org/inherits/-/inherits-2.0.3.tgz",
        "minimatch": "https://registry.npmjs.org/minimatch/-/minimatch-3.0.3.tgz",
        "once": "https://registry.npmjs.org/once/-/once-1.4.0.tgz",
        "path-is-absolute": "https://registry.npmjs.org/path-is-absolute/-/path-is-absolute-1.0.1.tgz"
      }
    },
    "inflight": {
      "version": "https://registry.npmjs.org/inflight/-/inflight-1.0.6.tgz",
      "integrity": "sha1-Sb1jMdfQLQwJvJEKEHW6gWW1bfk=",
      "dev": true,
      "requires": {
        "once": "https://registry.npmjs.org/once/-/once-1.4.0.tgz",
        "wrappy": "https://registry.npmjs.org/wrappy/-/wrappy-1.0.2.tgz"
      }
    },
    "inherits": {
      "version": "https://registry.npmjs.org/inherits/-/inherits-2.0.3.tgz",
      "integrity": "sha1-Yzwsg+PaQqUC9SRmAiSA9CCCYd4=",
      "dev": true
    },
    "isarray": {
      "version": "https://registry.npmjs.org/isarray/-/isarray-0.0.1.tgz",
      "integrity": "sha1-ihis/Kmo9Bd+Cav8YDiTmwXR7t8=",
      "dev": true
    },
    "minimatch": {
      "version": "https://registry.npmjs.org/minimatch/-/minimatch-3.0.3.tgz",
      "integrity": "sha1-Kk5AkLlrLbBqnX3wEFWmKnfJt3Q=",
      "dev": true,
      "requires": {
        "brace-expansion": "https://registry.npmjs.org/brace-expansion/-/brace-expansion-1.1.6.tgz"
      }
    },
    "minimist": {
      "version": "https://registry.npmjs.org/minimist/-/minimist-0.0.10.tgz",
      "integrity": "sha1-3j+YVD2/lggr5IrRoMfNqDYwHc8=",
      "dev": true
    },
    "once": {
      "version": "https://registry.npmjs.org/once/-/once-1.4.0.tgz",
      "integrity": "sha1-WDsap3WWHUsROsF9nFC6753Xa9E=",
      "dev": true,
      "requires": {
        "wrappy": "https://registry.npmjs.org/wrappy/-/wrappy-1.0.2.tgz"
      }
    },
    "optimist": {
      "version": "https://registry.npmjs.org/optimist/-/optimist-0.6.1.tgz",
      "integrity": "sha1-2j6nRob6IaGaERwybpDrFaAZZoY=",
      "dev": true,
      "requires": {
        "minimist": "https://registry.npmjs.org/minimist/-/minimist-0.0.10.tgz",
        "wordwrap": "https://registry.npmjs.org/wordwrap/-/wordwrap-0.0.3.tgz"
      }
    },
    "path-is-absolute": {
      "version": "https://registry.npmjs.org/path-is-absolute/-/path-is-absolute-1.0.1.tgz",
      "integrity": "sha1-F0uSaHNVNP+8es5r9TpanhtcX18=",
      "dev": true
    },
    "path-parse": {
      "version": "https://registry.npmjs.org/path-parse/-/path-parse-1.0.5.tgz",
      "integrity": "sha1-PBrfhx6pzWyUMbbqK9dKD/BVxME=",
      "dev": true
    },
    "resolve": {
      "version": "https://registry.npmjs.org/resolve/-/resolve-1.3.2.tgz",
      "integrity": "sha1-HwRCyeDLuBNuh7kwX5MvRsfygjU=",
      "dev": true,
      "requires": {
        "path-parse": "https://registry.npmjs.org/path-parse/-/path-parse-1.0.5.tgz"
      }
    },
    "rimraf": {
      "version": "https://registry.npmjs.org/rimraf/-/rimraf-2.6.1.tgz",
      "integrity": "sha1-wjOOxkPfeht/5cVPqG9XQopV8z0=",
      "dev": true,
      "requires": {
        "glob": "https://registry.npmjs.org/glob/-/glob-7.1.1.tgz"
      }
    },
    "sprintf-js": {
      "version": "https://registry.npmjs.org/sprintf-js/-/sprintf-js-1.0.3.tgz",
      "integrity": "sha1-BOaSb2YolTVPPdAVIDYzuFcpfiw=",
      "dev": true
    },
    "tslint": {
      "version": "https://registry.npmjs.org/tslint/-/tslint-3.15.1.tgz",
      "integrity": "sha1-2hZcqT2P3CwIa1EWXuG6y0jJjqU=",
      "dev": true,
      "requires": {
        "colors": "https://registry.npmjs.org/colors/-/colors-1.1.2.tgz",
        "diff": "https://registry.npmjs.org/diff/-/diff-2.2.3.tgz",
        "findup-sync": "https://registry.npmjs.org/findup-sync/-/findup-sync-0.3.0.tgz",
        "glob": "https://registry.npmjs.org/glob/-/glob-7.1.1.tgz",
        "optimist": "https://registry.npmjs.org/optimist/-/optimist-0.6.1.tgz",
        "resolve": "https://registry.npmjs.org/resolve/-/resolve-1.3.2.tgz",
        "underscore.string": "https://registry.npmjs.org/underscore.string/-/underscore.string-3.3.4.tgz"
      }
    },
    "tslint-eslint-rules": {
      "version": "https://registry.npmjs.org/tslint-eslint-rules/-/tslint-eslint-rules-1.6.1.tgz",
      "integrity": "sha1-OekvMZVq0qZsAGHDUfqWwICK4Pg=",
      "dev": true,
      "requires": {
        "doctrine": "https://registry.npmjs.org/doctrine/-/doctrine-0.7.2.tgz",
        "tslint": "https://registry.npmjs.org/tslint/-/tslint-3.15.1.tgz"
      }
    },
    "tslint-ionic-rules": {
      "version": "https://registry.npmjs.org/tslint-ionic-rules/-/tslint-ionic-rules-0.0.8.tgz",
      "integrity": "sha1-au1vjjzUBlIzAdHW0Db38DbdKAk=",
      "dev": true,
      "requires": {
        "tslint-eslint-rules": "https://registry.npmjs.org/tslint-eslint-rules/-/tslint-eslint-rules-1.6.1.tgz"
      }
    },
    "typescript": {
      "version": "https://registry.npmjs.org/typescript/-/typescript-2.2.1.tgz",
      "integrity": "sha1-SGK2YrmIpMj/aRzHlpYi0k23auk=",
      "dev": true
    },
    "underscore.string": {
      "version": "https://registry.npmjs.org/underscore.string/-/underscore.string-3.3.4.tgz",
      "integrity": "sha1-LCo/n4PmR2L9xF5s6sZRQoZCE9s=",
      "dev": true,
      "requires": {
        "sprintf-js": "https://registry.npmjs.org/sprintf-js/-/sprintf-js-1.0.3.tgz",
        "util-deprecate": "https://registry.npmjs.org/util-deprecate/-/util-deprecate-1.0.2.tgz"
      }
    },
    "util-deprecate": {
      "version": "https://registry.npmjs.org/util-deprecate/-/util-deprecate-1.0.2.tgz",
      "integrity": "sha1-RQ1Nyfpw3nMnYvvS1KKJgUGaDM8=",
      "dev": true
    },
    "wordwrap": {
      "version": "https://registry.npmjs.org/wordwrap/-/wordwrap-0.0.3.tgz",
      "integrity": "sha1-o9XabNXAvAAI03I0u68b7WMFkQc=",
      "dev": true
    },
    "wrappy": {
      "version": "https://registry.npmjs.org/wrappy/-/wrappy-1.0.2.tgz",
      "integrity": "sha1-tSQ9jz7BqjXxNkYFvA0QNuMKtp8=",
      "dev": true
    }
  }
}
