PODS:
  - AvocadoCordova (1.0.0)

DEPENDENCIES:
  - AvocadoCordova (from `../AvocadoCordova`)

EXTERNAL SOURCES:
  AvocadoCordova:
    :path: "../AvocadoCordova"

SPEC CHECKSUMS:
  AvocadoCordova: c1608e4b7d1fda35bafefcece9d8d7e9d746161b

PODFILE CHECKSUM: a1732366aeebb6fba5e5cc7767777f2ce70d583b

COCOAPODS: 1.2.0
