PODS:
  - CapacitorCordova (1.0.0-beta.9)

DEPENDENCIES:
  - CapacitorCordova (from `../../`)

EXTERNAL SOURCES:
  CapacitorCordova:
    :path: "../../"

SPEC CHECKSUMS:
  CapacitorCordova: f9af242364a4e66b2f472bda727e6becd9072ab7

PODFILE CHECKSUM: dde0b7cf2ee7affd4ef5a207f54bd6e4021ab7b7

COCOAPODS: 1.5.0
