PODS:
  - CapacitorCordova (1.5.0)

DEPENDENCIES:
  - CapacitorCordova (from `../../`)

EXTERNAL SOURCES:
  CapacitorCordova:
    :path: "../../"

SPEC CHECKSUMS:
  CapacitorCordova: 5b03f0b903bf066a8f3187e848252227190b681a

PODFILE CHECKSUM: 936c4cc87774b72da70079584f9d69d2fd2a92e9

COCOAPODS: 1.8.4
