PODS:
  - Capacitor (1.1.1):
    - CapacitorCordova (= 1.1.1)
  - CapacitorCordova (1.1.1)

DEPENDENCIES:
  - Capacitor (from `../../../`)
  - CapacitorCordova (from `../../../`)

EXTERNAL SOURCES:
  Capacitor:
    :path: "../../../"
  CapacitorCordova:
    :path: "../../../"

SPEC CHECKSUMS:
  Capacitor: c9bf4c8abbc3ba54979aaa3f77f1a776fe390cd0
  CapacitorCordova: 25811fd90c0ea23ea135a42a217d1918873fa566

PODFILE CHECKSUM: cf3dd73a42bef0923c014a1179dc29d10aa5cae0

COCOAPODS: 1.6.2
