PODS:
  - Capacitor (1.0.0-beta.11):
    - CapacitorCordova (= 1.0.0-beta.11)
  - CapacitorCordova (1.0.0-beta.11)

DEPENDENCIES:
  - Capacitor (from `../../../`)
  - CapacitorCordova (from `../../../`)

EXTERNAL SOURCES:
  Capacitor:
    :path: "../../../"
  CapacitorCordova:
    :path: "../../../"

SPEC CHECKSUMS:
  Capacitor: 9a8222581b2f1636bd22899ac894d1f9d89e6e82
  CapacitorCordova: 99739f506b8fb01cd4313d9e591a5e5a3837a1dc

PODFILE CHECKSUM: cf3dd73a42bef0923c014a1179dc29d10aa5cae0

COCOAPODS: 1.5.0
