PODS:
  - Capacitor (1.0.0-beta.14):
    - CapacitorCordova (= 1.0.0-beta.14)
  - CapacitorCordova (1.0.0-beta.14)

DEPENDENCIES:
  - Capacitor (from `../../../`)
  - CapacitorCordova (from `../../../`)

EXTERNAL SOURCES:
  Capacitor:
    :path: "../../../"
  CapacitorCordova:
    :path: "../../../"

SPEC CHECKSUMS:
  Capacitor: 45813ccadddccc4b41d37c6e28d55091ea0dc0b5
  CapacitorCordova: 5035eb0fecfd8624456ad05aa1d07285a3847cd5

PODFILE CHECKSUM: cf3dd73a42bef0923c014a1179dc29d10aa5cae0

COCOAPODS: 1.5.0
